
Microsoft Visual Studio Solution File, Format Version 12.00
# Visual Studio 15
VisualStudioVersion = 15.0.26430.15
MinimumVisualStudioVersion = 10.0.40219.1
Project("{FAE04EC0-301F-11D3-BF4B-00C04F79EFBC}") = "Mff.Totem", "Mff.Totem\Mff.Totem.csproj", "{8019B723-4D1E-44B2-AF62-7092E31FD255}"
EndProject
Project("{FAE04EC0-301F-11D3-BF4B-00C04F79EFBC}") = "Mff.Totem.Android", "Mff.Totem.Android\Mff.Totem.Android.csproj", "{A65829A0-40F2-4CE3-AC2E-91642CAE2063}"
EndProject
Project("{D954291E-2A0B-460D-934E-DC6B0785DB48}") = "Mff.Totem.Core", "Mff.Totem.Core\Mff.Totem.Core.shproj", "{3084080D-515D-40A2-94E9-C4219A273CEF}"
EndProject
Project("{FAE04EC0-301F-11D3-BF4B-00C04F79EFBC}") = "DebugView MonoGame", "Farseer.DebugView\DebugView MonoGame.csproj", "{566F1803-90B5-4947-8730-57F092FBB002}"
EndProject
Global
	GlobalSection(SharedMSBuildProjectFiles) = preSolution
		Mff.Totem.Core\Mff.Totem.Core.projitems*{067e1228-1250-4698-935e-b8efa4c3e8cc}*SharedItemsImports = 13
		Mff.Totem.Core\Mff.Totem.Core.projitems*{8019b723-4d1e-44b2-af62-7092e31fd255}*SharedItemsImports = 4
		Mff.Totem.Core\Mff.Totem.Core.projitems*{a65829a0-40f2-4ce3-ac2e-91642cae2063}*SharedItemsImports = 4
	EndGlobalSection
	GlobalSection(SolutionConfigurationPlatforms) = preSolution
		Debug|Any CPU = Debug|Any CPU
		Release|Any CPU = Release|Any CPU
		Debug|x86 = Debug|x86
		Release|x86 = Release|x86
	EndGlobalSection
	GlobalSection(ProjectConfigurationPlatforms) = postSolution
		{8019B723-4D1E-44B2-AF62-7092E31FD255}.Debug|Any CPU.ActiveCfg = Debug|Any CPU
		{8019B723-4D1E-44B2-AF62-7092E31FD255}.Debug|Any CPU.Build.0 = Debug|Any CPU
		{8019B723-4D1E-44B2-AF62-7092E31FD255}.Release|Any CPU.ActiveCfg = Release|Any CPU
		{8019B723-4D1E-44B2-AF62-7092E31FD255}.Release|Any CPU.Build.0 = Release|Any CPU
		{8019B723-4D1E-44B2-AF62-7092E31FD255}.Debug|x86.ActiveCfg = Debug|Any CPU
		{8019B723-4D1E-44B2-AF62-7092E31FD255}.Debug|x86.Build.0 = Debug|Any CPU
		{8019B723-4D1E-44B2-AF62-7092E31FD255}.Release|x86.ActiveCfg = Release|Any CPU
		{8019B723-4D1E-44B2-AF62-7092E31FD255}.Release|x86.Build.0 = Release|Any CPU
		{A65829A0-40F2-4CE3-AC2E-91642CAE2063}.Debug|Any CPU.ActiveCfg = Debug|Any CPU
		{A65829A0-40F2-4CE3-AC2E-91642CAE2063}.Debug|Any CPU.Build.0 = Debug|Any CPU
		{A65829A0-40F2-4CE3-AC2E-91642CAE2063}.Debug|Any CPU.Deploy.0 = Debug|Any CPU
		{A65829A0-40F2-4CE3-AC2E-91642CAE2063}.Release|Any CPU.ActiveCfg = Release|Any CPU
		{A65829A0-40F2-4CE3-AC2E-91642CAE2063}.Release|Any CPU.Build.0 = Release|Any CPU
		{A65829A0-40F2-4CE3-AC2E-91642CAE2063}.Release|Any CPU.Deploy.0 = Release|Any CPU
		{A65829A0-40F2-4CE3-AC2E-91642CAE2063}.Debug|x86.ActiveCfg = Debug|Any CPU
		{A65829A0-40F2-4CE3-AC2E-91642CAE2063}.Debug|x86.Build.0 = Debug|Any CPU
		{A65829A0-40F2-4CE3-AC2E-91642CAE2063}.Release|x86.ActiveCfg = Release|Any CPU
		{A65829A0-40F2-4CE3-AC2E-91642CAE2063}.Release|x86.Build.0 = Release|Any CPU
		{566F1803-90B5-4947-8730-57F092FBB002}.Debug|Any CPU.ActiveCfg = Debug|x86
		{566F1803-90B5-4947-8730-57F092FBB002}.Debug|Any CPU.Build.0 = Debug|x86
		{566F1803-90B5-4947-8730-57F092FBB002}.Release|Any CPU.ActiveCfg = Release|x86
		{566F1803-90B5-4947-8730-57F092FBB002}.Release|Any CPU.Build.0 = Release|x86
		{566F1803-90B5-4947-8730-57F092FBB002}.Debug|x86.ActiveCfg = Debug|x86
		{566F1803-90B5-4947-8730-57F092FBB002}.Debug|x86.Build.0 = Debug|x86
		{566F1803-90B5-4947-8730-57F092FBB002}.Release|x86.ActiveCfg = Release|x86
		{566F1803-90B5-4947-8730-57F092FBB002}.Release|x86.Build.0 = Release|x86
	EndGlobalSection
	GlobalSection(SolutionProperties) = preSolution
		HideSolutionNode = FALSE
	EndGlobalSection
EndGlobal
