
Microsoft Visual Studio Solution File, Format Version 12.00
# Visual Studio 15
VisualStudioVersion = 15.0.26430.15
MinimumVisualStudioVersion = 10.0.40219.1
Project("{FAE04EC0-301F-11D3-BF4B-00C04F79EFBC}") = "Mff.Totem", "Mff.Totem\Mff.Totem.csproj", "{8019B723-4D1E-44B2-AF62-7092E31FD255}"
EndProject
Project("{D954291E-2A0B-460D-934E-DC6B0785DB48}") = "Mff.Totem.Core", "Mff.Totem.Core\Mff.Totem.Core.shproj", "{3084080D-515D-40A2-94E9-C4219A273CEF}"
EndProject
Project("{FAE04EC0-301F-11D3-BF4B-00C04F79EFBC}") = "FNA", "FNA\FNA.csproj", "{35253CE1-C864-4CD3-8249-4D1319748E8F}"
EndProject
Project("{FAE04EC0-301F-11D3-BF4B-00C04F79EFBC}") = "Farseer Physics FNA", "FarseerPhysicsFNA\SourceFiles\Farseer Physics FNA.csproj", "{0AAD36E3-51A5-4A07-AB60-5C8A66BD38B7}"
EndProject
Project("{FAE04EC0-301F-11D3-BF4B-00C04F79EFBC}") = "DebugView FNA", "FarseerPhysicsFNA\DebugViews\DebugView FNA\DebugView FNA.csproj", "{566F1803-90B5-4947-8730-57F092FBB002}"
EndProject
Project("{FAE04EC0-301F-11D3-BF4B-00C04F79EFBC}") = "Krypton", "Krypton\Krypton.csproj", "{5FB6646A-D491-4F6B-AEB8-215AD3CE0DB7}"
EndProject
Global
	GlobalSection(SharedMSBuildProjectFiles) = preSolution
		Mff.Totem.Core\Mff.Totem.Core.projitems*{3084080d-515d-40a2-94e9-c4219a273cef}*SharedItemsImports = 13
		Mff.Totem.Core\Mff.Totem.Core.projitems*{8019b723-4d1e-44b2-af62-7092e31fd255}*SharedItemsImports = 4
	EndGlobalSection
	GlobalSection(SolutionConfigurationPlatforms) = preSolution
		Debug|Any CPU = Debug|Any CPU
		Debug|x86 = Debug|x86
		Release|Any CPU = Release|Any CPU
		Release|x86 = Release|x86
		Debug|x64 = Debug|x64
		Release|x64 = Release|x64
	EndGlobalSection
	GlobalSection(ProjectConfigurationPlatforms) = postSolution
		{8019B723-4D1E-44B2-AF62-7092E31FD255}.Debug|Any CPU.ActiveCfg = Debug|Any CPU
		{8019B723-4D1E-44B2-AF62-7092E31FD255}.Debug|Any CPU.Build.0 = Debug|Any CPU
		{8019B723-4D1E-44B2-AF62-7092E31FD255}.Debug|x86.ActiveCfg = Debug|Any CPU
		{8019B723-4D1E-44B2-AF62-7092E31FD255}.Debug|x86.Build.0 = Debug|Any CPU
		{8019B723-4D1E-44B2-AF62-7092E31FD255}.Release|Any CPU.ActiveCfg = Release|Any CPU
		{8019B723-4D1E-44B2-AF62-7092E31FD255}.Release|Any CPU.Build.0 = Release|Any CPU
		{8019B723-4D1E-44B2-AF62-7092E31FD255}.Release|x86.ActiveCfg = Release|Any CPU
		{8019B723-4D1E-44B2-AF62-7092E31FD255}.Release|x86.Build.0 = Release|Any CPU
		{8019B723-4D1E-44B2-AF62-7092E31FD255}.Debug|x64.ActiveCfg = Debug|Any CPU
		{8019B723-4D1E-44B2-AF62-7092E31FD255}.Debug|x64.Build.0 = Debug|Any CPU
		{8019B723-4D1E-44B2-AF62-7092E31FD255}.Release|x64.ActiveCfg = Release|Any CPU
		{8019B723-4D1E-44B2-AF62-7092E31FD255}.Release|x64.Build.0 = Release|Any CPU
		{35253CE1-C864-4CD3-8249-4D1319748E8F}.Debug|Any CPU.ActiveCfg = Debug|Any CPU
		{35253CE1-C864-4CD3-8249-4D1319748E8F}.Debug|Any CPU.Build.0 = Debug|Any CPU
		{35253CE1-C864-4CD3-8249-4D1319748E8F}.Debug|x86.ActiveCfg = Debug|x86
		{35253CE1-C864-4CD3-8249-4D1319748E8F}.Debug|x86.Build.0 = Debug|x86
		{35253CE1-C864-4CD3-8249-4D1319748E8F}.Release|Any CPU.ActiveCfg = Release|Any CPU
		{35253CE1-C864-4CD3-8249-4D1319748E8F}.Release|Any CPU.Build.0 = Release|Any CPU
		{35253CE1-C864-4CD3-8249-4D1319748E8F}.Release|x86.ActiveCfg = Release|x86
		{35253CE1-C864-4CD3-8249-4D1319748E8F}.Release|x86.Build.0 = Release|x86
		{35253CE1-C864-4CD3-8249-4D1319748E8F}.Debug|x64.ActiveCfg = Debug|x64
		{35253CE1-C864-4CD3-8249-4D1319748E8F}.Debug|x64.Build.0 = Debug|x64
		{35253CE1-C864-4CD3-8249-4D1319748E8F}.Release|x64.ActiveCfg = Release|x64
		{35253CE1-C864-4CD3-8249-4D1319748E8F}.Release|x64.Build.0 = Release|x64
		{0AAD36E3-51A5-4A07-AB60-5C8A66BD38B7}.Debug|Any CPU.ActiveCfg = Debug|x86
		{0AAD36E3-51A5-4A07-AB60-5C8A66BD38B7}.Debug|Any CPU.Build.0 = Debug|x86
		{0AAD36E3-51A5-4A07-AB60-5C8A66BD38B7}.Debug|x86.ActiveCfg = Debug|x86
		{0AAD36E3-51A5-4A07-AB60-5C8A66BD38B7}.Debug|x86.Build.0 = Debug|x86
		{0AAD36E3-51A5-4A07-AB60-5C8A66BD38B7}.Release|Any CPU.ActiveCfg = Release|x86
		{0AAD36E3-51A5-4A07-AB60-5C8A66BD38B7}.Release|Any CPU.Build.0 = Release|x86
		{0AAD36E3-51A5-4A07-AB60-5C8A66BD38B7}.Release|x86.ActiveCfg = Release|x86
		{0AAD36E3-51A5-4A07-AB60-5C8A66BD38B7}.Release|x86.Build.0 = Release|x86
		{0AAD36E3-51A5-4A07-AB60-5C8A66BD38B7}.Debug|x64.ActiveCfg = Debug|x86
		{0AAD36E3-51A5-4A07-AB60-5C8A66BD38B7}.Debug|x64.Build.0 = Debug|x86
		{0AAD36E3-51A5-4A07-AB60-5C8A66BD38B7}.Release|x64.ActiveCfg = Release|x86
		{0AAD36E3-51A5-4A07-AB60-5C8A66BD38B7}.Release|x64.Build.0 = Release|x86
		{566F1803-90B5-4947-8730-57F092FBB002}.Debug|Any CPU.ActiveCfg = Debug|x86
		{566F1803-90B5-4947-8730-57F092FBB002}.Debug|Any CPU.Build.0 = Debug|x86
		{566F1803-90B5-4947-8730-57F092FBB002}.Debug|x86.ActiveCfg = Debug|x86
		{566F1803-90B5-4947-8730-57F092FBB002}.Debug|x86.Build.0 = Debug|x86
		{566F1803-90B5-4947-8730-57F092FBB002}.Release|Any CPU.ActiveCfg = Release|x86
		{566F1803-90B5-4947-8730-57F092FBB002}.Release|Any CPU.Build.0 = Release|x86
		{566F1803-90B5-4947-8730-57F092FBB002}.Release|x86.ActiveCfg = Release|x86
		{566F1803-90B5-4947-8730-57F092FBB002}.Release|x86.Build.0 = Release|x86
		{566F1803-90B5-4947-8730-57F092FBB002}.Debug|x64.ActiveCfg = Debug|x86
		{566F1803-90B5-4947-8730-57F092FBB002}.Debug|x64.Build.0 = Debug|x86
		{566F1803-90B5-4947-8730-57F092FBB002}.Release|x64.ActiveCfg = Release|x86
		{566F1803-90B5-4947-8730-57F092FBB002}.Release|x64.Build.0 = Release|x86
		{5FB6646A-D491-4F6B-AEB8-215AD3CE0DB7}.Debug|Any CPU.ActiveCfg = Debug|Any CPU
		{5FB6646A-D491-4F6B-AEB8-215AD3CE0DB7}.Debug|Any CPU.Build.0 = Debug|Any CPU
		{5FB6646A-D491-4F6B-AEB8-215AD3CE0DB7}.Debug|x86.ActiveCfg = Debug|Any CPU
		{5FB6646A-D491-4F6B-AEB8-215AD3CE0DB7}.Debug|x86.Build.0 = Debug|Any CPU
		{5FB6646A-D491-4F6B-AEB8-215AD3CE0DB7}.Release|Any CPU.ActiveCfg = Release|Any CPU
		{5FB6646A-D491-4F6B-AEB8-215AD3CE0DB7}.Release|Any CPU.Build.0 = Release|Any CPU
		{5FB6646A-D491-4F6B-AEB8-215AD3CE0DB7}.Release|x86.ActiveCfg = Release|Any CPU
		{5FB6646A-D491-4F6B-AEB8-215AD3CE0DB7}.Release|x86.Build.0 = Release|Any CPU
		{5FB6646A-D491-4F6B-AEB8-215AD3CE0DB7}.Debug|x64.ActiveCfg = Debug|Any CPU
		{5FB6646A-D491-4F6B-AEB8-215AD3CE0DB7}.Debug|x64.Build.0 = Debug|Any CPU
		{5FB6646A-D491-4F6B-AEB8-215AD3CE0DB7}.Release|x64.ActiveCfg = Release|Any CPU
		{5FB6646A-D491-4F6B-AEB8-215AD3CE0DB7}.Release|x64.Build.0 = Release|Any CPU
	EndGlobalSection
	GlobalSection(SolutionProperties) = preSolution
		HideSolutionNode = FALSE
	EndGlobalSection
EndGlobal
